
Microsoft Visual Studio Solution File, Format Version 12.00
# Visual Studio Version 16
VisualStudioVersion = 16.0.29102.190
MinimumVisualStudioVersion = 10.0.40219.1
Project("{FAE04EC0-301F-11D3-BF4B-00C04F79EFBC}") = "Class_Work_Zad_1", "Class_Work_Zad_1\Class_Work_Zad_1.csproj", "{9CF1BD99-63A3-408E-9021-5961EAD405F4}"
EndProject
Project("{FAE04EC0-301F-11D3-BF4B-00C04F79EFBC}") = "ClassWork_Zad_1", "ClassWork_Zad_1\ClassWork_Zad_1.csproj", "{64DE157A-D83D-4BC6-B0CA-1E36C52DAAE2}"
EndProject
Global
	GlobalSection(SolutionConfigurationPlatforms) = preSolution
		Debug|Any CPU = Debug|Any CPU
		Release|Any CPU = Release|Any CPU
	EndGlobalSection
	GlobalSection(ProjectConfigurationPlatforms) = postSolution
		{9CF1BD99-63A3-408E-9021-5961EAD405F4}.Debug|Any CPU.ActiveCfg = Debug|Any CPU
		{9CF1BD99-63A3-408E-9021-5961EAD405F4}.Debug|Any CPU.Build.0 = Debug|Any CPU
		{9CF1BD99-63A3-408E-9021-5961EAD405F4}.Release|Any CPU.ActiveCfg = Release|Any CPU
		{9CF1BD99-63A3-408E-9021-5961EAD405F4}.Release|Any CPU.Build.0 = Release|Any CPU
		{64DE157A-D83D-4BC6-B0CA-1E36C52DAAE2}.Debug|Any CPU.ActiveCfg = Debug|Any CPU
		{64DE157A-D83D-4BC6-B0CA-1E36C52DAAE2}.Debug|Any CPU.Build.0 = Debug|Any CPU
		{64DE157A-D83D-4BC6-B0CA-1E36C52DAAE2}.Release|Any CPU.ActiveCfg = Release|Any CPU
		{64DE157A-D83D-4BC6-B0CA-1E36C52DAAE2}.Release|Any CPU.Build.0 = Release|Any CPU
	EndGlobalSection
	GlobalSection(SolutionProperties) = preSolution
		HideSolutionNode = FALSE
	EndGlobalSection
	GlobalSection(ExtensibilityGlobals) = postSolution
		SolutionGuid = {BCC9015D-EEB6-425D-BEF2-6F49D40B58B3}
	EndGlobalSection
EndGlobal
