
Microsoft Visual Studio Solution File, Format Version 12.00
# Visual Studio Version 16
VisualStudioVersion = 16.0.29102.190
MinimumVisualStudioVersion = 10.0.40219.1
Project("{FAE04EC0-301F-11D3-BF4B-00C04F79EFBC}") = "ClassWork_Zad_1", "ClassWork_Zad_1\ClassWork_Zad_1.csproj", "{C281FCEC-B628-45E3-BC96-9635B69FFEE3}"
EndProject
Project("{FAE04EC0-301F-11D3-BF4B-00C04F79EFBC}") = "ClassWork_Zad_2", "ClassWork_Zad_2\ClassWork_Zad_2.csproj", "{024563A1-59D5-4C3E-A202-A938F10E9455}"
EndProject
Global
	GlobalSection(SolutionConfigurationPlatforms) = preSolution
		Debug|Any CPU = Debug|Any CPU
		Release|Any CPU = Release|Any CPU
	EndGlobalSection
	GlobalSection(ProjectConfigurationPlatforms) = postSolution
		{C281FCEC-B628-45E3-BC96-9635B69FFEE3}.Debug|Any CPU.ActiveCfg = Debug|Any CPU
		{C281FCEC-B628-45E3-BC96-9635B69FFEE3}.Debug|Any CPU.Build.0 = Debug|Any CPU
		{C281FCEC-B628-45E3-BC96-9635B69FFEE3}.Release|Any CPU.ActiveCfg = Release|Any CPU
		{C281FCEC-B628-45E3-BC96-9635B69FFEE3}.Release|Any CPU.Build.0 = Release|Any CPU
		{024563A1-59D5-4C3E-A202-A938F10E9455}.Debug|Any CPU.ActiveCfg = Debug|Any CPU
		{024563A1-59D5-4C3E-A202-A938F10E9455}.Debug|Any CPU.Build.0 = Debug|Any CPU
		{024563A1-59D5-4C3E-A202-A938F10E9455}.Release|Any CPU.ActiveCfg = Release|Any CPU
		{024563A1-59D5-4C3E-A202-A938F10E9455}.Release|Any CPU.Build.0 = Release|Any CPU
	EndGlobalSection
	GlobalSection(SolutionProperties) = preSolution
		HideSolutionNode = FALSE
	EndGlobalSection
	GlobalSection(ExtensibilityGlobals) = postSolution
		SolutionGuid = {BFA7A022-C754-4CBD-97C8-48BC1525F543}
	EndGlobalSection
EndGlobal
