
Microsoft Visual Studio Solution File, Format Version 12.00
# Visual Studio Version 16
VisualStudioVersion = 16.0.29102.190
MinimumVisualStudioVersion = 10.0.40219.1
Project("{FAE04EC0-301F-11D3-BF4B-00C04F79EFBC}") = "ClassWork_Zad_1", "ClassWork_Zad_1\ClassWork_Zad_1.csproj", "{EFB1AAC9-F090-439D-8D58-B05488B00C04}"
EndProject
Project("{FAE04EC0-301F-11D3-BF4B-00C04F79EFBC}") = "Class_Zad_1", "Class_Zad_1\Class_Zad_1.csproj", "{ED320B7B-24D1-467C-AEBE-211357887D1F}"
EndProject
Project("{FAE04EC0-301F-11D3-BF4B-00C04F79EFBC}") = "Class_Zad_2", "Class_Zad_2\Class_Zad_2.csproj", "{0E93948E-1E34-4E89-8DC4-2C84D4D281A2}"
EndProject
Project("{FAE04EC0-301F-11D3-BF4B-00C04F79EFBC}") = "Class_Zad_3", "Class_Zad_3\Class_Zad_3.csproj", "{BDB66A83-74A9-4937-9F26-FD6BA85E116A}"
EndProject
Project("{FAE04EC0-301F-11D3-BF4B-00C04F79EFBC}") = "Class_Zad_4", "Class_Zad_4\Class_Zad_4.csproj", "{B8CFC738-CBA1-4F9B-8B2D-D4ED6C9383F0}"
EndProject
Project("{FAE04EC0-301F-11D3-BF4B-00C04F79EFBC}") = "HomeWork_Zad_1", "HomeWork_Zad_1\HomeWork_Zad_1.csproj", "{53858FC0-6106-466F-85EF-91CCFD5C23B2}"
EndProject
Global
	GlobalSection(SolutionConfigurationPlatforms) = preSolution
		Debug|Any CPU = Debug|Any CPU
		Release|Any CPU = Release|Any CPU
	EndGlobalSection
	GlobalSection(ProjectConfigurationPlatforms) = postSolution
		{EFB1AAC9-F090-439D-8D58-B05488B00C04}.Debug|Any CPU.ActiveCfg = Debug|Any CPU
		{EFB1AAC9-F090-439D-8D58-B05488B00C04}.Debug|Any CPU.Build.0 = Debug|Any CPU
		{EFB1AAC9-F090-439D-8D58-B05488B00C04}.Release|Any CPU.ActiveCfg = Release|Any CPU
		{EFB1AAC9-F090-439D-8D58-B05488B00C04}.Release|Any CPU.Build.0 = Release|Any CPU
		{ED320B7B-24D1-467C-AEBE-211357887D1F}.Debug|Any CPU.ActiveCfg = Debug|Any CPU
		{ED320B7B-24D1-467C-AEBE-211357887D1F}.Debug|Any CPU.Build.0 = Debug|Any CPU
		{ED320B7B-24D1-467C-AEBE-211357887D1F}.Release|Any CPU.ActiveCfg = Release|Any CPU
		{ED320B7B-24D1-467C-AEBE-211357887D1F}.Release|Any CPU.Build.0 = Release|Any CPU
		{0E93948E-1E34-4E89-8DC4-2C84D4D281A2}.Debug|Any CPU.ActiveCfg = Debug|Any CPU
		{0E93948E-1E34-4E89-8DC4-2C84D4D281A2}.Debug|Any CPU.Build.0 = Debug|Any CPU
		{0E93948E-1E34-4E89-8DC4-2C84D4D281A2}.Release|Any CPU.ActiveCfg = Release|Any CPU
		{0E93948E-1E34-4E89-8DC4-2C84D4D281A2}.Release|Any CPU.Build.0 = Release|Any CPU
		{BDB66A83-74A9-4937-9F26-FD6BA85E116A}.Debug|Any CPU.ActiveCfg = Debug|Any CPU
		{BDB66A83-74A9-4937-9F26-FD6BA85E116A}.Debug|Any CPU.Build.0 = Debug|Any CPU
		{BDB66A83-74A9-4937-9F26-FD6BA85E116A}.Release|Any CPU.ActiveCfg = Release|Any CPU
		{BDB66A83-74A9-4937-9F26-FD6BA85E116A}.Release|Any CPU.Build.0 = Release|Any CPU
		{B8CFC738-CBA1-4F9B-8B2D-D4ED6C9383F0}.Debug|Any CPU.ActiveCfg = Debug|Any CPU
		{B8CFC738-CBA1-4F9B-8B2D-D4ED6C9383F0}.Debug|Any CPU.Build.0 = Debug|Any CPU
		{B8CFC738-CBA1-4F9B-8B2D-D4ED6C9383F0}.Release|Any CPU.ActiveCfg = Release|Any CPU
		{B8CFC738-CBA1-4F9B-8B2D-D4ED6C9383F0}.Release|Any CPU.Build.0 = Release|Any CPU
		{53858FC0-6106-466F-85EF-91CCFD5C23B2}.Debug|Any CPU.ActiveCfg = Debug|Any CPU
		{53858FC0-6106-466F-85EF-91CCFD5C23B2}.Debug|Any CPU.Build.0 = Debug|Any CPU
		{53858FC0-6106-466F-85EF-91CCFD5C23B2}.Release|Any CPU.ActiveCfg = Release|Any CPU
		{53858FC0-6106-466F-85EF-91CCFD5C23B2}.Release|Any CPU.Build.0 = Release|Any CPU
	EndGlobalSection
	GlobalSection(SolutionProperties) = preSolution
		HideSolutionNode = FALSE
	EndGlobalSection
	GlobalSection(ExtensibilityGlobals) = postSolution
		SolutionGuid = {B6218C73-5A03-43B9-B78F-9E99E6183D02}
	EndGlobalSection
EndGlobal
