
Microsoft Visual Studio Solution File, Format Version 12.00
# Visual Studio Version 16
VisualStudioVersion = 16.0.29102.190
MinimumVisualStudioVersion = 10.0.40219.1
Project("{FAE04EC0-301F-11D3-BF4B-00C04F79EFBC}") = "Class_Zad_1", "Class_Zad_1\Class_Zad_1.csproj", "{51880FBB-0352-487D-ABD5-FE1DAD51B381}"
EndProject
Project("{FAE04EC0-301F-11D3-BF4B-00C04F79EFBC}") = "Class_Zad_2", "Class_Zad_2\Class_Zad_2.csproj", "{213E92DB-E51B-4431-A92A-2A34B55BAB7F}"
EndProject
Global
	GlobalSection(SolutionConfigurationPlatforms) = preSolution
		Debug|Any CPU = Debug|Any CPU
		Release|Any CPU = Release|Any CPU
	EndGlobalSection
	GlobalSection(ProjectConfigurationPlatforms) = postSolution
		{51880FBB-0352-487D-ABD5-FE1DAD51B381}.Debug|Any CPU.ActiveCfg = Debug|Any CPU
		{51880FBB-0352-487D-ABD5-FE1DAD51B381}.Debug|Any CPU.Build.0 = Debug|Any CPU
		{51880FBB-0352-487D-ABD5-FE1DAD51B381}.Release|Any CPU.ActiveCfg = Release|Any CPU
		{51880FBB-0352-487D-ABD5-FE1DAD51B381}.Release|Any CPU.Build.0 = Release|Any CPU
		{213E92DB-E51B-4431-A92A-2A34B55BAB7F}.Debug|Any CPU.ActiveCfg = Debug|Any CPU
		{213E92DB-E51B-4431-A92A-2A34B55BAB7F}.Debug|Any CPU.Build.0 = Debug|Any CPU
		{213E92DB-E51B-4431-A92A-2A34B55BAB7F}.Release|Any CPU.ActiveCfg = Release|Any CPU
		{213E92DB-E51B-4431-A92A-2A34B55BAB7F}.Release|Any CPU.Build.0 = Release|Any CPU
	EndGlobalSection
	GlobalSection(SolutionProperties) = preSolution
		HideSolutionNode = FALSE
	EndGlobalSection
	GlobalSection(ExtensibilityGlobals) = postSolution
		SolutionGuid = {F685F88D-8978-41CA-90E9-23EF1B74CC62}
	EndGlobalSection
EndGlobal
