
Microsoft Visual Studio Solution File, Format Version 12.00
# Visual Studio Version 16
VisualStudioVersion = 16.0.29102.190
MinimumVisualStudioVersion = 10.0.40219.1
Project("{FAE04EC0-301F-11D3-BF4B-00C04F79EFBC}") = "ClassWork_Zad_1", "ClassWork_Zad_1\ClassWork_Zad_1.csproj", "{84EA153E-93EE-4989-9A39-1AAB1D2E88C6}"
EndProject
Project("{FAE04EC0-301F-11D3-BF4B-00C04F79EFBC}") = "ClassWork_Zad_2", "ClassWork_Zad_2\ClassWork_Zad_2.csproj", "{8B1F83E3-D33F-4E24-909F-567DC13292C9}"
EndProject
Project("{FAE04EC0-301F-11D3-BF4B-00C04F79EFBC}") = "ClassWork_Zad_3", "ClassWork_Zad_3\ClassWork_Zad_3.csproj", "{606304F8-DBB9-4523-AD69-1B338AB6C448}"
EndProject
Project("{FAE04EC0-301F-11D3-BF4B-00C04F79EFBC}") = "HomeWork_Zad_1", "HomeWork_Zad_1\HomeWork_Zad_1.csproj", "{338726FA-99AC-4E10-80E3-B5F99EF96E6D}"
EndProject
Global
	GlobalSection(SolutionConfigurationPlatforms) = preSolution
		Debug|Any CPU = Debug|Any CPU
		Release|Any CPU = Release|Any CPU
	EndGlobalSection
	GlobalSection(ProjectConfigurationPlatforms) = postSolution
		{84EA153E-93EE-4989-9A39-1AAB1D2E88C6}.Debug|Any CPU.ActiveCfg = Debug|Any CPU
		{84EA153E-93EE-4989-9A39-1AAB1D2E88C6}.Debug|Any CPU.Build.0 = Debug|Any CPU
		{84EA153E-93EE-4989-9A39-1AAB1D2E88C6}.Release|Any CPU.ActiveCfg = Release|Any CPU
		{84EA153E-93EE-4989-9A39-1AAB1D2E88C6}.Release|Any CPU.Build.0 = Release|Any CPU
		{8B1F83E3-D33F-4E24-909F-567DC13292C9}.Debug|Any CPU.ActiveCfg = Debug|Any CPU
		{8B1F83E3-D33F-4E24-909F-567DC13292C9}.Debug|Any CPU.Build.0 = Debug|Any CPU
		{8B1F83E3-D33F-4E24-909F-567DC13292C9}.Release|Any CPU.ActiveCfg = Release|Any CPU
		{8B1F83E3-D33F-4E24-909F-567DC13292C9}.Release|Any CPU.Build.0 = Release|Any CPU
		{606304F8-DBB9-4523-AD69-1B338AB6C448}.Debug|Any CPU.ActiveCfg = Debug|Any CPU
		{606304F8-DBB9-4523-AD69-1B338AB6C448}.Debug|Any CPU.Build.0 = Debug|Any CPU
		{606304F8-DBB9-4523-AD69-1B338AB6C448}.Release|Any CPU.ActiveCfg = Release|Any CPU
		{606304F8-DBB9-4523-AD69-1B338AB6C448}.Release|Any CPU.Build.0 = Release|Any CPU
		{338726FA-99AC-4E10-80E3-B5F99EF96E6D}.Debug|Any CPU.ActiveCfg = Debug|Any CPU
		{338726FA-99AC-4E10-80E3-B5F99EF96E6D}.Debug|Any CPU.Build.0 = Debug|Any CPU
		{338726FA-99AC-4E10-80E3-B5F99EF96E6D}.Release|Any CPU.ActiveCfg = Release|Any CPU
		{338726FA-99AC-4E10-80E3-B5F99EF96E6D}.Release|Any CPU.Build.0 = Release|Any CPU
	EndGlobalSection
	GlobalSection(SolutionProperties) = preSolution
		HideSolutionNode = FALSE
	EndGlobalSection
	GlobalSection(ExtensibilityGlobals) = postSolution
		SolutionGuid = {C8322F24-6875-4E20-8149-31CA21C506AD}
	EndGlobalSection
EndGlobal
