
Microsoft Visual Studio Solution File, Format Version 12.00
# Visual Studio Version 16
VisualStudioVersion = 16.0.29102.190
MinimumVisualStudioVersion = 10.0.40219.1
Project("{FAE04EC0-301F-11D3-BF4B-00C04F79EFBC}") = "Class_Zad_1", "Class_Zad_1\Class_Zad_1.csproj", "{28D455A7-305F-4D42-A45D-A0F56342D3B0}"
EndProject
Project("{FAE04EC0-301F-11D3-BF4B-00C04F79EFBC}") = "ITVDN_DopZad_1", "ITVDN_DopZad_1\ITVDN_DopZad_1.csproj", "{C5FD12BC-B64A-4F46-BEC1-3346DC5FF4E2}"
EndProject
Project("{FAE04EC0-301F-11D3-BF4B-00C04F79EFBC}") = "ITVDN_Zad_1", "ITVDN_Zad_1\ITVDN_Zad_1.csproj", "{306FDB84-2156-4718-8B79-80000AE43E2F}"
EndProject
Project("{FAE04EC0-301F-11D3-BF4B-00C04F79EFBC}") = "ITVDN_Zad_2", "ITVDN_Zad_2\ITVDN_Zad_2.csproj", "{D5A7D147-9C8D-4EDE-9B67-2504C90CFB7F}"
EndProject
Global
	GlobalSection(SolutionConfigurationPlatforms) = preSolution
		Debug|Any CPU = Debug|Any CPU
		Release|Any CPU = Release|Any CPU
	EndGlobalSection
	GlobalSection(ProjectConfigurationPlatforms) = postSolution
		{28D455A7-305F-4D42-A45D-A0F56342D3B0}.Debug|Any CPU.ActiveCfg = Debug|Any CPU
		{28D455A7-305F-4D42-A45D-A0F56342D3B0}.Debug|Any CPU.Build.0 = Debug|Any CPU
		{28D455A7-305F-4D42-A45D-A0F56342D3B0}.Release|Any CPU.ActiveCfg = Release|Any CPU
		{28D455A7-305F-4D42-A45D-A0F56342D3B0}.Release|Any CPU.Build.0 = Release|Any CPU
		{C5FD12BC-B64A-4F46-BEC1-3346DC5FF4E2}.Debug|Any CPU.ActiveCfg = Debug|Any CPU
		{C5FD12BC-B64A-4F46-BEC1-3346DC5FF4E2}.Debug|Any CPU.Build.0 = Debug|Any CPU
		{C5FD12BC-B64A-4F46-BEC1-3346DC5FF4E2}.Release|Any CPU.ActiveCfg = Release|Any CPU
		{C5FD12BC-B64A-4F46-BEC1-3346DC5FF4E2}.Release|Any CPU.Build.0 = Release|Any CPU
		{306FDB84-2156-4718-8B79-80000AE43E2F}.Debug|Any CPU.ActiveCfg = Debug|Any CPU
		{306FDB84-2156-4718-8B79-80000AE43E2F}.Debug|Any CPU.Build.0 = Debug|Any CPU
		{306FDB84-2156-4718-8B79-80000AE43E2F}.Release|Any CPU.ActiveCfg = Release|Any CPU
		{306FDB84-2156-4718-8B79-80000AE43E2F}.Release|Any CPU.Build.0 = Release|Any CPU
		{D5A7D147-9C8D-4EDE-9B67-2504C90CFB7F}.Debug|Any CPU.ActiveCfg = Debug|Any CPU
		{D5A7D147-9C8D-4EDE-9B67-2504C90CFB7F}.Debug|Any CPU.Build.0 = Debug|Any CPU
		{D5A7D147-9C8D-4EDE-9B67-2504C90CFB7F}.Release|Any CPU.ActiveCfg = Release|Any CPU
		{D5A7D147-9C8D-4EDE-9B67-2504C90CFB7F}.Release|Any CPU.Build.0 = Release|Any CPU
	EndGlobalSection
	GlobalSection(SolutionProperties) = preSolution
		HideSolutionNode = FALSE
	EndGlobalSection
	GlobalSection(ExtensibilityGlobals) = postSolution
		SolutionGuid = {3D97728A-FADC-4FE9-A4BB-C550969808BD}
	EndGlobalSection
EndGlobal
