
Microsoft Visual Studio Solution File, Format Version 12.00
# Visual Studio Version 16
VisualStudioVersion = 16.0.29102.190
MinimumVisualStudioVersion = 10.0.40219.1
Project("{FAE04EC0-301F-11D3-BF4B-00C04F79EFBC}") = "ClassWork_Zad_1", "ClassWork_Zad_1\ClassWork_Zad_1.csproj", "{C1DF1205-5BCA-47BC-98E9-C160F89CB051}"
EndProject
Project("{FAE04EC0-301F-11D3-BF4B-00C04F79EFBC}") = "Class_Zad_1", "Class_Zad_1\Class_Zad_1.csproj", "{8B60CC74-0DD0-46A2-BFBA-0DEA300C8DF4}"
EndProject
Project("{FAE04EC0-301F-11D3-BF4B-00C04F79EFBC}") = "Class_Zad_3", "Class_Zad_3\Class_Zad_3.csproj", "{10147C1B-415F-48BD-9725-23028521049A}"
EndProject
Project("{FAE04EC0-301F-11D3-BF4B-00C04F79EFBC}") = "Class_Zad_4", "Class_Zad_4\Class_Zad_4.csproj", "{3E12D22E-9C64-4EEF-B7C3-3E67E2F3E25F}"
EndProject
Project("{FAE04EC0-301F-11D3-BF4B-00C04F79EFBC}") = "ITVDN_DopZad", "ITVDN_DopZad\ITVDN_DopZad.csproj", "{DEDF251F-3654-4BEF-A942-FA9472C46699}"
EndProject
Project("{FAE04EC0-301F-11D3-BF4B-00C04F79EFBC}") = "ITVDN_Zad_4", "ITVDN_Zad_4\ITVDN_Zad_4.csproj", "{5B1C5460-5FA5-4A3C-BBE5-3DB71A9FCD82}"
EndProject
Project("{FAE04EC0-301F-11D3-BF4B-00C04F79EFBC}") = "ITVDN_Zad_3", "ITVDN_Zad_3\ITVDN_Zad_3.csproj", "{66BFEDE0-35DF-4296-9723-D09FE2B2F84F}"
EndProject
Global
	GlobalSection(SolutionConfigurationPlatforms) = preSolution
		Debug|Any CPU = Debug|Any CPU
		Release|Any CPU = Release|Any CPU
	EndGlobalSection
	GlobalSection(ProjectConfigurationPlatforms) = postSolution
		{C1DF1205-5BCA-47BC-98E9-C160F89CB051}.Debug|Any CPU.ActiveCfg = Debug|Any CPU
		{C1DF1205-5BCA-47BC-98E9-C160F89CB051}.Debug|Any CPU.Build.0 = Debug|Any CPU
		{C1DF1205-5BCA-47BC-98E9-C160F89CB051}.Release|Any CPU.ActiveCfg = Release|Any CPU
		{C1DF1205-5BCA-47BC-98E9-C160F89CB051}.Release|Any CPU.Build.0 = Release|Any CPU
		{8B60CC74-0DD0-46A2-BFBA-0DEA300C8DF4}.Debug|Any CPU.ActiveCfg = Debug|Any CPU
		{8B60CC74-0DD0-46A2-BFBA-0DEA300C8DF4}.Debug|Any CPU.Build.0 = Debug|Any CPU
		{8B60CC74-0DD0-46A2-BFBA-0DEA300C8DF4}.Release|Any CPU.ActiveCfg = Release|Any CPU
		{8B60CC74-0DD0-46A2-BFBA-0DEA300C8DF4}.Release|Any CPU.Build.0 = Release|Any CPU
		{10147C1B-415F-48BD-9725-23028521049A}.Debug|Any CPU.ActiveCfg = Debug|Any CPU
		{10147C1B-415F-48BD-9725-23028521049A}.Debug|Any CPU.Build.0 = Debug|Any CPU
		{10147C1B-415F-48BD-9725-23028521049A}.Release|Any CPU.ActiveCfg = Release|Any CPU
		{10147C1B-415F-48BD-9725-23028521049A}.Release|Any CPU.Build.0 = Release|Any CPU
		{3E12D22E-9C64-4EEF-B7C3-3E67E2F3E25F}.Debug|Any CPU.ActiveCfg = Debug|Any CPU
		{3E12D22E-9C64-4EEF-B7C3-3E67E2F3E25F}.Debug|Any CPU.Build.0 = Debug|Any CPU
		{3E12D22E-9C64-4EEF-B7C3-3E67E2F3E25F}.Release|Any CPU.ActiveCfg = Release|Any CPU
		{3E12D22E-9C64-4EEF-B7C3-3E67E2F3E25F}.Release|Any CPU.Build.0 = Release|Any CPU
		{DEDF251F-3654-4BEF-A942-FA9472C46699}.Debug|Any CPU.ActiveCfg = Debug|Any CPU
		{DEDF251F-3654-4BEF-A942-FA9472C46699}.Debug|Any CPU.Build.0 = Debug|Any CPU
		{DEDF251F-3654-4BEF-A942-FA9472C46699}.Release|Any CPU.ActiveCfg = Release|Any CPU
		{DEDF251F-3654-4BEF-A942-FA9472C46699}.Release|Any CPU.Build.0 = Release|Any CPU
		{5B1C5460-5FA5-4A3C-BBE5-3DB71A9FCD82}.Debug|Any CPU.ActiveCfg = Debug|Any CPU
		{5B1C5460-5FA5-4A3C-BBE5-3DB71A9FCD82}.Debug|Any CPU.Build.0 = Debug|Any CPU
		{5B1C5460-5FA5-4A3C-BBE5-3DB71A9FCD82}.Release|Any CPU.ActiveCfg = Release|Any CPU
		{5B1C5460-5FA5-4A3C-BBE5-3DB71A9FCD82}.Release|Any CPU.Build.0 = Release|Any CPU
		{66BFEDE0-35DF-4296-9723-D09FE2B2F84F}.Debug|Any CPU.ActiveCfg = Debug|Any CPU
		{66BFEDE0-35DF-4296-9723-D09FE2B2F84F}.Debug|Any CPU.Build.0 = Debug|Any CPU
		{66BFEDE0-35DF-4296-9723-D09FE2B2F84F}.Release|Any CPU.ActiveCfg = Release|Any CPU
		{66BFEDE0-35DF-4296-9723-D09FE2B2F84F}.Release|Any CPU.Build.0 = Release|Any CPU
	EndGlobalSection
	GlobalSection(SolutionProperties) = preSolution
		HideSolutionNode = FALSE
	EndGlobalSection
	GlobalSection(ExtensibilityGlobals) = postSolution
		SolutionGuid = {8D801825-073E-47B4-A4C1-21203CDDAFF2}
	EndGlobalSection
EndGlobal
